
Microsoft Visual Studio Solution File, Format Version 12.00
# Visual Studio Version 17
VisualStudioVersion = 17.5.33516.290
MinimumVisualStudioVersion = 10.0.40219.1
Project("{9A19103F-16F7-4668-BE54-9A1E7A4F7556}") = "FlashEditor", "FlashEditor\FlashEditor.csproj", "{355AFED6-FE4B-4536-9587-6924BF867A4E}"
EndProject
Project("{2150E333-8FDC-42A3-9474-1A3956D46DE8}") = "FlashEditor.Tests", "FlashEditor.Tests", "{65B8EBD5-A154-4037-9741-EC8D6905B558}"
	ProjectSection(SolutionItems) = preProject
		FlashEditor.Tests\FlashEditor.runsettings = FlashEditor.Tests\FlashEditor.runsettings
	EndProjectSection
EndProject
Project("{9A19103F-16F7-4668-BE54-9A1E7A4F7556}") = "FlashEditor.Tests", "FlashEditor.Tests\FlashEditor.Tests.csproj", "{9BDCA815-A808-44F5-9264-D232698031EE}"
EndProject
Global
	GlobalSection(SolutionConfigurationPlatforms) = preSolution
		Debug|Any CPU = Debug|Any CPU
		Release|Any CPU = Release|Any CPU
	EndGlobalSection
	GlobalSection(ProjectConfigurationPlatforms) = postSolution
		{355AFED6-FE4B-4536-9587-6924BF867A4E}.Debug|Any CPU.ActiveCfg = Debug|Any CPU
		{355AFED6-FE4B-4536-9587-6924BF867A4E}.Debug|Any CPU.Build.0 = Debug|Any CPU
		{355AFED6-FE4B-4536-9587-6924BF867A4E}.Release|Any CPU.ActiveCfg = Release|Any CPU
		{355AFED6-FE4B-4536-9587-6924BF867A4E}.Release|Any CPU.Build.0 = Release|Any CPU
		{9BDCA815-A808-44F5-9264-D232698031EE}.Debug|Any CPU.ActiveCfg = Debug|Any CPU
		{9BDCA815-A808-44F5-9264-D232698031EE}.Debug|Any CPU.Build.0 = Debug|Any CPU
		{9BDCA815-A808-44F5-9264-D232698031EE}.Release|Any CPU.ActiveCfg = Release|Any CPU
		{9BDCA815-A808-44F5-9264-D232698031EE}.Release|Any CPU.Build.0 = Release|Any CPU
	EndGlobalSection
	GlobalSection(SolutionProperties) = preSolution
		HideSolutionNode = FALSE
	EndGlobalSection
	GlobalSection(NestedProjects) = preSolution
		{9BDCA815-A808-44F5-9264-D232698031EE} = {65B8EBD5-A154-4037-9741-EC8D6905B558}
	EndGlobalSection
	GlobalSection(ExtensibilityGlobals) = postSolution
		SolutionGuid = {3E795BF8-B9F2-4F10-8DD8-D2D853BE790A}
	EndGlobalSection
EndGlobal
