
Microsoft Visual Studio Solution File, Format Version 12.00
# Visual Studio Version 16
VisualStudioVersion = 16.0.29613.14
MinimumVisualStudioVersion = 10.0.40219.1
Project("{FAE04EC0-301F-11D3-BF4B-00C04F79EFBC}") = "FlashEditor", "FlashEditor\FlashEditor.csproj", "{355AFED6-FE4B-4536-9587-6924BF867A4E}"
EndProject
Project("{FAE04EC0-301F-11D3-BF4B-00C04F79EFBC}") = "FlashEditor.Tests", "FlashEditor.Tests\FlashEditor.Tests.csproj", "{819FD34B-3EDD-414B-B559-CEF76799FFA3}"
EndProject
Global
	GlobalSection(SolutionConfigurationPlatforms) = preSolution
		Debug|Any CPU = Debug|Any CPU
		Release|Any CPU = Release|Any CPU
	EndGlobalSection
	GlobalSection(ProjectConfigurationPlatforms) = postSolution
		{355AFED6-FE4B-4536-9587-6924BF867A4E}.Debug|Any CPU.ActiveCfg = Debug|Any CPU
                {355AFED6-FE4B-4536-9587-6924BF867A4E}.Debug|Any CPU.Build.0 = Debug|Any CPU
                {355AFED6-FE4B-4536-9587-6924BF867A4E}.Release|Any CPU.ActiveCfg = Release|Any CPU
                {355AFED6-FE4B-4536-9587-6924BF867A4E}.Release|Any CPU.Build.0 = Release|Any CPU
                {819FD34B-3EDD-414B-B559-CEF76799FFA3}.Debug|Any CPU.ActiveCfg = Debug|Any CPU
                {819FD34B-3EDD-414B-B559-CEF76799FFA3}.Debug|Any CPU.Build.0 = Debug|Any CPU
                {819FD34B-3EDD-414B-B559-CEF76799FFA3}.Release|Any CPU.ActiveCfg = Release|Any CPU
                {819FD34B-3EDD-414B-B559-CEF76799FFA3}.Release|Any CPU.Build.0 = Release|Any CPU
        EndGlobalSection
	GlobalSection(SolutionProperties) = preSolution
		HideSolutionNode = FALSE
	EndGlobalSection
	GlobalSection(ExtensibilityGlobals) = postSolution
		SolutionGuid = {3E795BF8-B9F2-4F10-8DD8-D2D853BE790A}
	EndGlobalSection
EndGlobal
